
Microsoft Visual Studio Solution File, Format Version 12.00
# Visual Studio 14
VisualStudioVersion = 14.0.22310.1
MinimumVisualStudioVersion = 10.0.40219.1
Project("{FAE04EC0-301F-11D3-BF4B-00C04F79EFBC}") = "Superscrot", "Superscrot\Superscrot.csproj", "{19870BDE-C8D6-43D7-AFAA-3B109A3FCC4B}"
EndProject
Project("{FAE04EC0-301F-11D3-BF4B-00C04F79EFBC}") = "FTPLib", "FTPLib\FTPLib.csproj", "{74C3F14F-036F-44C2-A725-1779793BADAC}"
EndProject
Project("{FAE04EC0-301F-11D3-BF4B-00C04F79EFBC}") = "Superscrot.Controls", "Superscrot.Controls\Superscrot.Controls.csproj", "{4C4E70E1-6ABD-4B98-8D65-1B1FC6D5AA0F}"
EndProject
Global
	GlobalSection(SolutionConfigurationPlatforms) = preSolution
		Debug|Any CPU = Debug|Any CPU
		Debug|Mixed Platforms = Debug|Mixed Platforms
		Debug|x64 = Debug|x64
		Debug|x86 = Debug|x86
		Release|Any CPU = Release|Any CPU
		Release|Mixed Platforms = Release|Mixed Platforms
		Release|x64 = Release|x64
		Release|x86 = Release|x86
	EndGlobalSection
	GlobalSection(ProjectConfigurationPlatforms) = postSolution
		{19870BDE-C8D6-43D7-AFAA-3B109A3FCC4B}.Debug|Any CPU.ActiveCfg = Debug|x64
		{19870BDE-C8D6-43D7-AFAA-3B109A3FCC4B}.Debug|Any CPU.Build.0 = Debug|x64
		{19870BDE-C8D6-43D7-AFAA-3B109A3FCC4B}.Debug|Mixed Platforms.ActiveCfg = Debug|x86
		{19870BDE-C8D6-43D7-AFAA-3B109A3FCC4B}.Debug|Mixed Platforms.Build.0 = Debug|x86
		{19870BDE-C8D6-43D7-AFAA-3B109A3FCC4B}.Debug|x64.ActiveCfg = Debug|x64
		{19870BDE-C8D6-43D7-AFAA-3B109A3FCC4B}.Debug|x64.Build.0 = Debug|x64
		{19870BDE-C8D6-43D7-AFAA-3B109A3FCC4B}.Debug|x86.ActiveCfg = Debug|x86
		{19870BDE-C8D6-43D7-AFAA-3B109A3FCC4B}.Debug|x86.Build.0 = Debug|x86
		{19870BDE-C8D6-43D7-AFAA-3B109A3FCC4B}.Release|Any CPU.ActiveCfg = Release|x86
		{19870BDE-C8D6-43D7-AFAA-3B109A3FCC4B}.Release|Mixed Platforms.ActiveCfg = Release|x86
		{19870BDE-C8D6-43D7-AFAA-3B109A3FCC4B}.Release|Mixed Platforms.Build.0 = Release|x86
		{19870BDE-C8D6-43D7-AFAA-3B109A3FCC4B}.Release|x64.ActiveCfg = Release|x64
		{19870BDE-C8D6-43D7-AFAA-3B109A3FCC4B}.Release|x64.Build.0 = Release|x64
		{19870BDE-C8D6-43D7-AFAA-3B109A3FCC4B}.Release|x86.ActiveCfg = Release|x86
		{19870BDE-C8D6-43D7-AFAA-3B109A3FCC4B}.Release|x86.Build.0 = Release|x86
		{74C3F14F-036F-44C2-A725-1779793BADAC}.Debug|Any CPU.ActiveCfg = Debug|Any CPU
		{74C3F14F-036F-44C2-A725-1779793BADAC}.Debug|Any CPU.Build.0 = Debug|Any CPU
		{74C3F14F-036F-44C2-A725-1779793BADAC}.Debug|Mixed Platforms.ActiveCfg = Debug|Any CPU
		{74C3F14F-036F-44C2-A725-1779793BADAC}.Debug|Mixed Platforms.Build.0 = Debug|Any CPU
		{74C3F14F-036F-44C2-A725-1779793BADAC}.Debug|x64.ActiveCfg = Debug|Any CPU
		{74C3F14F-036F-44C2-A725-1779793BADAC}.Debug|x64.Build.0 = Debug|Any CPU
		{74C3F14F-036F-44C2-A725-1779793BADAC}.Debug|x86.ActiveCfg = Debug|Any CPU
		{74C3F14F-036F-44C2-A725-1779793BADAC}.Debug|x86.Build.0 = Debug|Any CPU
		{74C3F14F-036F-44C2-A725-1779793BADAC}.Release|Any CPU.ActiveCfg = Release|Any CPU
		{74C3F14F-036F-44C2-A725-1779793BADAC}.Release|Any CPU.Build.0 = Release|Any CPU
		{74C3F14F-036F-44C2-A725-1779793BADAC}.Release|Mixed Platforms.ActiveCfg = Release|Any CPU
		{74C3F14F-036F-44C2-A725-1779793BADAC}.Release|Mixed Platforms.Build.0 = Release|Any CPU
		{74C3F14F-036F-44C2-A725-1779793BADAC}.Release|x64.ActiveCfg = Release|Any CPU
		{74C3F14F-036F-44C2-A725-1779793BADAC}.Release|x64.Build.0 = Release|Any CPU
		{74C3F14F-036F-44C2-A725-1779793BADAC}.Release|x86.ActiveCfg = Release|Any CPU
		{4C4E70E1-6ABD-4B98-8D65-1B1FC6D5AA0F}.Debug|Any CPU.ActiveCfg = Debug|Any CPU
		{4C4E70E1-6ABD-4B98-8D65-1B1FC6D5AA0F}.Debug|Any CPU.Build.0 = Debug|Any CPU
		{4C4E70E1-6ABD-4B98-8D65-1B1FC6D5AA0F}.Debug|Mixed Platforms.ActiveCfg = Debug|Any CPU
		{4C4E70E1-6ABD-4B98-8D65-1B1FC6D5AA0F}.Debug|Mixed Platforms.Build.0 = Debug|Any CPU
		{4C4E70E1-6ABD-4B98-8D65-1B1FC6D5AA0F}.Debug|x64.ActiveCfg = Debug|Any CPU
		{4C4E70E1-6ABD-4B98-8D65-1B1FC6D5AA0F}.Debug|x64.Build.0 = Debug|Any CPU
		{4C4E70E1-6ABD-4B98-8D65-1B1FC6D5AA0F}.Debug|x86.ActiveCfg = Debug|Any CPU
		{4C4E70E1-6ABD-4B98-8D65-1B1FC6D5AA0F}.Release|Any CPU.ActiveCfg = Release|Any CPU
		{4C4E70E1-6ABD-4B98-8D65-1B1FC6D5AA0F}.Release|Any CPU.Build.0 = Release|Any CPU
		{4C4E70E1-6ABD-4B98-8D65-1B1FC6D5AA0F}.Release|Mixed Platforms.ActiveCfg = Release|Any CPU
		{4C4E70E1-6ABD-4B98-8D65-1B1FC6D5AA0F}.Release|Mixed Platforms.Build.0 = Release|Any CPU
		{4C4E70E1-6ABD-4B98-8D65-1B1FC6D5AA0F}.Release|x64.ActiveCfg = Release|Any CPU
		{4C4E70E1-6ABD-4B98-8D65-1B1FC6D5AA0F}.Release|x64.Build.0 = Release|Any CPU
		{4C4E70E1-6ABD-4B98-8D65-1B1FC6D5AA0F}.Release|x86.ActiveCfg = Release|Any CPU
	EndGlobalSection
	GlobalSection(SolutionProperties) = preSolution
		HideSolutionNode = FALSE
	EndGlobalSection
EndGlobal
